# THIS IS AN AUTOGENERATED FILE. DO NOT EDIT THIS FILE DIRECTLY.
# yarn lockfile v1


"@actograph/core@file:../core":
  version "0.0.80"

"@pixi/colord@^2.9.6":
  version "2.9.6"
  resolved "https://registry.yarnpkg.com/@pixi/colord/-/colord-2.9.6.tgz#7e4e7851480da6fd3cef4e331f008d60be7e1204"
  integrity sha512-nezytU2pw587fQstUu1AsJZDVEynjskwOL+kibwcdxsMBFqPsFFNA7xl0ii/gXuDi6M0xj3mfRJj8pBSc2jCfA==

"@types/css-font-loading-module@^0.0.12":
  version "0.0.12"
  resolved "https://registry.yarnpkg.com/@types/css-font-loading-module/-/css-font-loading-module-0.0.12.tgz#65494833928823f998fbe8e86312821875d80db5"
  integrity sha512-x2tZZYkSxXqWvTDgveSynfjq/T2HyiZHXb00j/+gy19yp70PHCizM48XFdjBCWH7eHBD0R5i/pw9yMBP/BH5uA==

"@types/earcut@^3.0.0":
  version "3.0.0"
  resolved "https://registry.yarnpkg.com/@types/earcut/-/earcut-3.0.0.tgz#c21ab8372c47f8af1bec63cb36eecb6917b6c5b6"
  integrity sha512-k/9fOUGO39yd2sCjrbAJvGDEQvRwRnQIZlBz43roGwUZo5SHAmyVvSFyaVVZkicRVCaDXPKlbxrUcBuJoSWunQ==

"@types/node@^20.0.0":
  version "20.19.27"
  resolved "https://registry.yarnpkg.com/@types/node/-/node-20.19.27.tgz#d51333f77953a5e4e71d3b5aefa83ec5297fbb80"
  integrity sha512-N2clP5pJhB2YnZJ3PIHFk5RkygRX5WO/5f0WC08tp0wd+sv0rsJk3MqWn3CbNmT2J505a5336jaQj4ph1AdMug==
  dependencies:
    undici-types "~6.21.0"

"@webgpu/types@^0.1.40":
  version "0.1.68"
  resolved "https://registry.yarnpkg.com/@webgpu/types/-/types-0.1.68.tgz#7c1017f42595fbd596f0804c2aec139449a379f3"
  integrity sha512-3ab1B59Ojb6RwjOspYLsTpCzbNB3ZaamIAxBMmvnNkiDoLTZUOBXZ9p5nAYVEkQlDdf6qAZWi1pqj9+ypiqznA==

"@xmldom/xmldom@^0.8.10":
  version "0.8.11"
  resolved "https://registry.yarnpkg.com/@xmldom/xmldom/-/xmldom-0.8.11.tgz#b79de2d67389734c57c52595f7a7305e30c2d608"
  integrity sha512-cQzWCtO6C8TQiYl1ruKNn2U6Ao4o4WBBcbL61yJl84x+j5sOWWFU9X7DpND8XZG3daDppSsigMdfAIl2upQBRw==

earcut@^3.0.2:
  version "3.0.2"
  resolved "https://registry.yarnpkg.com/earcut/-/earcut-3.0.2.tgz#d478a29aaf99acf418151493048aa197d0512248"
  integrity sha512-X7hshQbLyMJ/3RPhyObLARM2sNxxmRALLKx1+NVFFnQ9gKzmCrxm9+uLIAdBcvc8FNLpctqlQ2V6AE92Ol9UDQ==

eventemitter3@^5.0.1:
  version "5.0.1"
  resolved "https://registry.yarnpkg.com/eventemitter3/-/eventemitter3-5.0.1.tgz#53f5ffd0a492ac800721bb42c66b841de96423c4"
  integrity sha512-GWkBvjiSZK87ELrYOSESUYeVIc9mvLLf/nXalMOS5dYrgZq9o5OVkbZAVM06CVxYsCwH9BDZFPlQTlPA1j4ahA==

gifuct-js@^2.1.2:
  version "2.1.2"
  resolved "https://registry.yarnpkg.com/gifuct-js/-/gifuct-js-2.1.2.tgz#06152437ba30ec914db8398bd838bd0fbc8a6ecd"
  integrity sha512-rI2asw77u0mGgwhV3qA+OEgYqaDn5UNqgs+Bx0FGwSpuqfYn+Ir6RQY5ENNQ8SbIiG/m5gVa7CD5RriO4f4Lsg==
  dependencies:
    js-binary-schema-parser "^2.0.3"

ismobilejs@^1.1.1:
  version "1.1.1"
  resolved "https://registry.yarnpkg.com/ismobilejs/-/ismobilejs-1.1.1.tgz#c56ca0ae8e52b24ca0f22ba5ef3215a2ddbbaa0e"
  integrity sha512-VaFW53yt8QO61k2WJui0dHf4SlL8lxBofUuUmwBo0ljPk0Drz2TiuDW4jo3wDcv41qy/SxrJ+VAzJ/qYqsmzRw==

js-binary-schema-parser@^2.0.3:
  version "2.0.3"
  resolved "https://registry.yarnpkg.com/js-binary-schema-parser/-/js-binary-schema-parser-2.0.3.tgz#3d7848748e8586e63b34e8911b643f59cfb6396e"
  integrity sha512-xezGJmOb4lk/M1ZZLTR/jaBHQ4gG/lqQnJqdIv4721DMggsa1bDVlHXNeHYogaIEHD9vCRv0fcL4hMA+Coarkg==

parse-svg-path@^0.1.2:
  version "0.1.2"
  resolved "https://registry.yarnpkg.com/parse-svg-path/-/parse-svg-path-0.1.2.tgz#7a7ec0d1eb06fa5325c7d3e009b859a09b5d49eb"
  integrity sha512-JyPSBnkTJ0AI8GGJLfMXvKq42cj5c006fnLz6fXy6zfoVjJizi8BNTpu8on8ziI1cKy9d9DGNuY17Ce7wuejpQ==

pixi.js@^8.12.0:
  version "8.14.3"
  resolved "https://registry.yarnpkg.com/pixi.js/-/pixi.js-8.14.3.tgz#8f40cdad541f4d9eae72a792b784a3c1b1a75d0d"
  integrity sha512-6xGYARV8D9E/fO1c2NmYn+k2dQ5oZldVm5tNlLQJ8obTlOQXdL5QpMc217qTpRyHVDFaw5eoFCLF1gr6p5ZcjQ==
  dependencies:
    "@pixi/colord" "^2.9.6"
    "@types/css-font-loading-module" "^0.0.12"
    "@types/earcut" "^3.0.0"
    "@webgpu/types" "^0.1.40"
    "@xmldom/xmldom" "^0.8.10"
    earcut "^3.0.2"
    eventemitter3 "^5.0.1"
    gifuct-js "^2.1.2"
    ismobilejs "^1.1.1"
    parse-svg-path "^0.1.2"
    tiny-lru "^11.4.5"

tiny-lru@^11.4.5:
  version "11.4.5"
  resolved "https://registry.yarnpkg.com/tiny-lru/-/tiny-lru-11.4.5.tgz#0672b1b049f3d783021da5b99314264702f814c9"
  integrity sha512-hkcz3FjNJfKXjV4mjQ1OrXSLAehg8Hw+cEZclOVT+5c/cWQWImQ9wolzTjth+dmmDe++p3bme3fTxz6Q4Etsqw==

typescript@^5.3.3:
  version "5.9.3"
  resolved "https://registry.yarnpkg.com/typescript/-/typescript-5.9.3.tgz#5b4f59e15310ab17a216f5d6cf53ee476ede670f"
  integrity sha512-jl1vZzPDinLr9eUt3J/t7V6FgNEw9QjvBPdysz9KfQDD41fQrC2Y4vKQdiaUpFT4bXlb1RHhLpp8wtm6M5TgSw==

undici-types@~6.21.0:
  version "6.21.0"
  resolved "https://registry.yarnpkg.com/undici-types/-/undici-types-6.21.0.tgz#691d00af3909be93a7faa13be61b3a5b50ef12cb"
  integrity sha512-iwDZqg0QAGrg9Rav5H4n0M64c3mkR59cJ6wQp+7C4nI0gsmExaedaYLNO44eT4AtBBwjbTiGPMlt2Md0T9H9JQ==
